// !$*UTF8*$!
{
	archiveVersion = 1;
	classes = {
	};
	objectVersion = 48;
	objects = {

/* Begin PBXBuildFile section */
		B30365D31D617A3F0030705E /* RoutineCell.swift in Sources */ = {isa = PBXBuildFile; fileRef = B30365D21D617A3F0030705E /* RoutineCell.swift */; };
		B30365D71D61863C0030705E /* RoutineTVC.swift in Sources */ = {isa = PBXBuildFile; fileRef = B30365D61D61863C0030705E /* RoutineTVC.swift */; };
		B30365D91D6194450030705E /* LiftCell.swift in Sources */ = {isa = PBXBuildFile; fileRef = B30365D81D6194450030705E /* LiftCell.swift */; };
		B30365E01D61B6A50030705E /* RoutineLiftCell.swift in Sources */ = {isa = PBXBuildFile; fileRef = B30365DF1D61B6A50030705E /* RoutineLiftCell.swift */; };
		B30365E21D61B6AC0030705E /* RoutineSetCell.swift in Sources */ = {isa = PBXBuildFile; fileRef = B30365E11D61B6AC0030705E /* RoutineSetCell.swift */; };
		B30C906D1D6C485000CE9243 /* AppCoordinator.swift in Sources */ = {isa = PBXBuildFile; fileRef = B30C906C1D6C485000CE9243 /* AppCoordinator.swift */; };
		B31D11341D652F6D00010E9C /* Lets.swift in Sources */ = {isa = PBXBuildFile; fileRef = B31D11331D652F6D00010E9C /* Lets.swift */; };
		B31D113A1D6533A100010E9C /* TableViewController.swift in Sources */ = {isa = PBXBuildFile; fileRef = B31D11391D6533A100010E9C /* TableViewController.swift */; };
		B321420D1D644D000093A21E /* NewVC.swift in Sources */ = {isa = PBXBuildFile; fileRef = B321420C1D644D000093A21E /* NewVC.swift */; };
		B339D7AA1D65829F0026287C /* TableViewCellWithTableView.swift in Sources */ = {isa = PBXBuildFile; fileRef = B339D7A91D65829F0026287C /* TableViewCellWithTableView.swift */; };
		B35691561D6CF56300F3D796 /* Lift.swift in Sources */ = {isa = PBXBuildFile; fileRef = B356914A1D6CF56300F3D796 /* Lift.swift */; };
		B35691571D6CF56300F3D796 /* Lift+CoreDataProperties.swift in Sources */ = {isa = PBXBuildFile; fileRef = B356914B1D6CF56300F3D796 /* Lift+CoreDataProperties.swift */; };
		B35691581D6CF56300F3D796 /* LSet.swift in Sources */ = {isa = PBXBuildFile; fileRef = B356914C1D6CF56300F3D796 /* LSet.swift */; };
		B35691591D6CF56300F3D796 /* LSet+CoreDataProperties.swift in Sources */ = {isa = PBXBuildFile; fileRef = B356914D1D6CF56300F3D796 /* LSet+CoreDataProperties.swift */; };
		B356915A1D6CF56300F3D796 /* Routine.swift in Sources */ = {isa = PBXBuildFile; fileRef = B356914E1D6CF56300F3D796 /* Routine.swift */; };
		B356915B1D6CF56300F3D796 /* Routine+CoreDataProperties.swift in Sources */ = {isa = PBXBuildFile; fileRef = B356914F1D6CF56300F3D796 /* Routine+CoreDataProperties.swift */; };
		B356915C1D6CF56300F3D796 /* RoutineSet.swift in Sources */ = {isa = PBXBuildFile; fileRef = B35691501D6CF56300F3D796 /* RoutineSet.swift */; };
		B356915D1D6CF56300F3D796 /* RoutineSet+CoreDataProperties.swift in Sources */ = {isa = PBXBuildFile; fileRef = B35691511D6CF56300F3D796 /* RoutineSet+CoreDataProperties.swift */; };
		B356915E1D6CF56300F3D796 /* RoutineLift.swift in Sources */ = {isa = PBXBuildFile; fileRef = B35691521D6CF56300F3D796 /* RoutineLift.swift */; };
		B356915F1D6CF56300F3D796 /* RoutineLift+CoreDataProperties.swift in Sources */ = {isa = PBXBuildFile; fileRef = B35691531D6CF56300F3D796 /* RoutineLift+CoreDataProperties.swift */; };
		B35691601D6CF56300F3D796 /* Workout.swift in Sources */ = {isa = PBXBuildFile; fileRef = B35691541D6CF56300F3D796 /* Workout.swift */; };
		B35691611D6CF56300F3D796 /* Workout+CoreDataProperties.swift in Sources */ = {isa = PBXBuildFile; fileRef = B35691551D6CF56300F3D796 /* Workout+CoreDataProperties.swift */; };
		B35691651D6CF70300F3D796 /* ManagedObject.swift in Sources */ = {isa = PBXBuildFile; fileRef = B35691641D6CF70300F3D796 /* ManagedObject.swift */; };
		B35691681D6CF95700F3D796 /* CoreData.swift in Sources */ = {isa = PBXBuildFile; fileRef = B35691671D6CF95700F3D796 /* CoreData.swift */; };
		B356916A1D6D07F200F3D796 /* OuterTableView.swift in Sources */ = {isa = PBXBuildFile; fileRef = B35691691D6D07F200F3D796 /* OuterTableView.swift */; };
		B366C6DF1D5497C200484784 /* AppDelegate.swift in Sources */ = {isa = PBXBuildFile; fileRef = B366C6DE1D5497C200484784 /* AppDelegate.swift */; };
		B366C6E91D5497C200484784 /* Assets.xcassets in Resources */ = {isa = PBXBuildFile; fileRef = B366C6E81D5497C200484784 /* Assets.xcassets */; };
		B366C6EC1D5497C200484784 /* LaunchScreen.storyboard in Resources */ = {isa = PBXBuildFile; fileRef = B366C6EA1D5497C200484784 /* LaunchScreen.storyboard */; };
		B366C6F71D5497C200484784 /* WorkoutLogTests.swift in Sources */ = {isa = PBXBuildFile; fileRef = B366C6F61D5497C200484784 /* WorkoutLogTests.swift */; };
		B366C7021D5497C200484784 /* WorkoutLogUITests.swift in Sources */ = {isa = PBXBuildFile; fileRef = B366C7011D5497C200484784 /* WorkoutLogUITests.swift */; };
		B366C7131D54987B00484784 /* ConfigurableCell.swift in Sources */ = {isa = PBXBuildFile; fileRef = B366C7121D54987B00484784 /* ConfigurableCell.swift */; };
		B366C7191D54989800484784 /* WorkoutsTVC.swift in Sources */ = {isa = PBXBuildFile; fileRef = B366C7171D54989800484784 /* WorkoutsTVC.swift */; };
		B366C71A1D54989800484784 /* WorkoutTVC.swift in Sources */ = {isa = PBXBuildFile; fileRef = B366C7181D54989800484784 /* WorkoutTVC.swift */; };
		B366C7201D5498BB00484784 /* WorkoutCell.swift in Sources */ = {isa = PBXBuildFile; fileRef = B366C71F1D5498BB00484784 /* WorkoutCell.swift */; };
		B366C7261D5498C500484784 /* SetCell.swift in Sources */ = {isa = PBXBuildFile; fileRef = B366C7231D5498C500484784 /* SetCell.swift */; };
		B366C7281D5498CF00484784 /* RoutinesTVC.swift in Sources */ = {isa = PBXBuildFile; fileRef = B366C7271D5498CF00484784 /* RoutinesTVC.swift */; };
		B366C72C1D5498DD00484784 /* processUpdates.swift in Sources */ = {isa = PBXBuildFile; fileRef = B366C72A1D5498DD00484784 /* processUpdates.swift */; };
		B366C7351D54994600484784 /* ManagedObjectObserver.swift in Sources */ = {isa = PBXBuildFile; fileRef = B366C7321D54994600484784 /* ManagedObjectObserver.swift */; };
		B366C7361D54994600484784 /* ManagedObjectType.swift in Sources */ = {isa = PBXBuildFile; fileRef = B366C7331D54994600484784 /* ManagedObjectType.swift */; };
		B366C7371D54994600484784 /* NSManagedObjectContext+Observers.swift in Sources */ = {isa = PBXBuildFile; fileRef = B366C7341D54994600484784 /* NSManagedObjectContext+Observers.swift */; };
		B366C73A1D54995E00484784 /* Utilities.swift in Sources */ = {isa = PBXBuildFile; fileRef = B366C7391D54995E00484784 /* Utilities.swift */; };
		B366C73F1D54996800484784 /* DataProvider.swift in Sources */ = {isa = PBXBuildFile; fileRef = B366C73B1D54996800484784 /* DataProvider.swift */; };
		B366C7401D54996800484784 /* DataProviderDelegate.swift in Sources */ = {isa = PBXBuildFile; fileRef = B366C73C1D54996800484784 /* DataProviderDelegate.swift */; };
		B366C7411D54996800484784 /* DataProviderUpdate.swift in Sources */ = {isa = PBXBuildFile; fileRef = B366C73D1D54996800484784 /* DataProviderUpdate.swift */; };
		B366C7421D54996800484784 /* FetchedResultsDataProvider.swift in Sources */ = {isa = PBXBuildFile; fileRef = B366C73E1D54996800484784 /* FetchedResultsDataProvider.swift */; };
		B3791F841D614FDD003DD70F /* Keyboard.swift in Sources */ = {isa = PBXBuildFile; fileRef = B3791F831D614FDD003DD70F /* Keyboard.swift */; };
		B387F6EE1D690BC1004EC05F /* WRSetCell.swift in Sources */ = {isa = PBXBuildFile; fileRef = B387F6ED1D690BC1004EC05F /* WRSetCell.swift */; };
		B387F6F01D691283004EC05F /* Theme.swift in Sources */ = {isa = PBXBuildFile; fileRef = B387F6EF1D691283004EC05F /* Theme.swift */; };
		B3AEE5601D6707C10076F100 /* WorkoutsAndRoutinesTVC.swift in Sources */ = {isa = PBXBuildFile; fileRef = B3AEE55F1D6707C10076F100 /* WorkoutsAndRoutinesTVC.swift */; };
		B3AEE5621D670CAC0076F100 /* WorkoutAndRoutineTVC.swift in Sources */ = {isa = PBXBuildFile; fileRef = B3AEE5611D670CAC0076F100 /* WorkoutAndRoutineTVC.swift */; };
		B3AEE5641D6710E10076F100 /* WorkoutAndRoutineCell.swift in Sources */ = {isa = PBXBuildFile; fileRef = B3AEE5631D6710E10076F100 /* WorkoutAndRoutineCell.swift */; };
		B3BA3A0B1D606882001C23FB /* SelectWorkoutTVC.swift in Sources */ = {isa = PBXBuildFile; fileRef = B3BA3A0A1D606882001C23FB /* SelectWorkoutTVC.swift */; };
		B3BA3A0D1D606DC1001C23FB /* StatisticsTVC.swift in Sources */ = {isa = PBXBuildFile; fileRef = B3BA3A0C1D606DC1001C23FB /* StatisticsTVC.swift */; };
		B3E07C231D554CE4006D68AE /* WorkoutLog.xcdatamodeld in Sources */ = {isa = PBXBuildFile; fileRef = B3E07C211D554CE4006D68AE /* WorkoutLog.xcdatamodeld */; };
/* End PBXBuildFile section */

/* Begin PBXContainerItemProxy section */
		B366C6F31D5497C200484784 /* PBXContainerItemProxy */ = {
			isa = PBXContainerItemProxy;
			containerPortal = B366C6D31D5497C200484784 /* Project object */;
			proxyType = 1;
			remoteGlobalIDString = B366C6DA1D5497C200484784;
			remoteInfo = WorkoutLog;
		};
		B366C6FE1D5497C200484784 /* PBXContainerItemProxy */ = {
			isa = PBXContainerItemProxy;
			containerPortal = B366C6D31D5497C200484784 /* Project object */;
			proxyType = 1;
			remoteGlobalIDString = B366C6DA1D5497C200484784;
			remoteInfo = WorkoutLog;
		};
/* End PBXContainerItemProxy section */

/* Begin PBXFileReference section */
		B30365D21D617A3F0030705E /* RoutineCell.swift */ = {isa = PBXFileReference; fileEncoding = 4; lastKnownFileType = sourcecode.swift; path = RoutineCell.swift; sourceTree = "<group>"; };
		B30365D61D61863C0030705E /* RoutineTVC.swift */ = {isa = PBXFileReference; fileEncoding = 4; lastKnownFileType = sourcecode.swift; path = RoutineTVC.swift; sourceTree = "<group>"; };
		B30365D81D6194450030705E /* LiftCell.swift */ = {isa = PBXFileReference; fileEncoding = 4; lastKnownFileType = sourcecode.swift; path = LiftCell.swift; sourceTree = "<group>"; };
		B30365DF1D61B6A50030705E /* RoutineLiftCell.swift */ = {isa = PBXFileReference; fileEncoding = 4; lastKnownFileType = sourcecode.swift; path = RoutineLiftCell.swift; sourceTree = "<group>"; };
		B30365E11D61B6AC0030705E /* RoutineSetCell.swift */ = {isa = PBXFileReference; fileEncoding = 4; lastKnownFileType = sourcecode.swift; path = RoutineSetCell.swift; sourceTree = "<group>"; };
		B30C906C1D6C485000CE9243 /* AppCoordinator.swift */ = {isa = PBXFileReference; fileEncoding = 4; lastKnownFileType = sourcecode.swift; name = AppCoordinator.swift; path = WorkoutLog/AppCoordinator.swift; sourceTree = "<group>"; };
		B31D11331D652F6D00010E9C /* Lets.swift */ = {isa = PBXFileReference; fileEncoding = 4; lastKnownFileType = sourcecode.swift; name = Lets.swift; path = WorkoutLog/Lets.swift; sourceTree = "<group>"; };
		B31D11391D6533A100010E9C /* TableViewController.swift */ = {isa = PBXFileReference; fileEncoding = 4; lastKnownFileType = sourcecode.swift; path = TableViewController.swift; sourceTree = "<group>"; };
		B321420C1D644D000093A21E /* NewVC.swift */ = {isa = PBXFileReference; fileEncoding = 4; lastKnownFileType = sourcecode.swift; path = NewVC.swift; sourceTree = "<group>"; };
		B339D7A91D65829F0026287C /* TableViewCellWithTableView.swift */ = {isa = PBXFileReference; fileEncoding = 4; lastKnownFileType = sourcecode.swift; path = TableViewCellWithTableView.swift; sourceTree = "<group>"; };
		B356914A1D6CF56300F3D796 /* Lift.swift */ = {isa = PBXFileReference; fileEncoding = 4; lastKnownFileType = sourcecode.swift; name = Lift.swift; path = WorkoutLog/Lift.swift; sourceTree = "<group>"; };
		B356914B1D6CF56300F3D796 /* Lift+CoreDataProperties.swift */ = {isa = PBXFileReference; fileEncoding = 4; lastKnownFileType = sourcecode.swift; name = "Lift+CoreDataProperties.swift"; path = "WorkoutLog/Lift+CoreDataProperties.swift"; sourceTree = "<group>"; };
		B356914C1D6CF56300F3D796 /* LSet.swift */ = {isa = PBXFileReference; fileEncoding = 4; lastKnownFileType = sourcecode.swift; name = LSet.swift; path = WorkoutLog/LSet.swift; sourceTree = "<group>"; };
		B356914D1D6CF56300F3D796 /* LSet+CoreDataProperties.swift */ = {isa = PBXFileReference; fileEncoding = 4; lastKnownFileType = sourcecode.swift; name = "LSet+CoreDataProperties.swift"; path = "WorkoutLog/LSet+CoreDataProperties.swift"; sourceTree = "<group>"; };
		B356914E1D6CF56300F3D796 /* Routine.swift */ = {isa = PBXFileReference; fileEncoding = 4; lastKnownFileType = sourcecode.swift; name = Routine.swift; path = WorkoutLog/Routine.swift; sourceTree = "<group>"; };
		B356914F1D6CF56300F3D796 /* Routine+CoreDataProperties.swift */ = {isa = PBXFileReference; fileEncoding = 4; lastKnownFileType = sourcecode.swift; name = "Routine+CoreDataProperties.swift"; path = "WorkoutLog/Routine+CoreDataProperties.swift"; sourceTree = "<group>"; };
		B35691501D6CF56300F3D796 /* RoutineSet.swift */ = {isa = PBXFileReference; fileEncoding = 4; lastKnownFileType = sourcecode.swift; name = RoutineSet.swift; path = WorkoutLog/RoutineSet.swift; sourceTree = "<group>"; };
		B35691511D6CF56300F3D796 /* RoutineSet+CoreDataProperties.swift */ = {isa = PBXFileReference; fileEncoding = 4; lastKnownFileType = sourcecode.swift; name = "RoutineSet+CoreDataProperties.swift"; path = "WorkoutLog/RoutineSet+CoreDataProperties.swift"; sourceTree = "<group>"; };
		B35691521D6CF56300F3D796 /* RoutineLift.swift */ = {isa = PBXFileReference; fileEncoding = 4; lastKnownFileType = sourcecode.swift; name = RoutineLift.swift; path = WorkoutLog/RoutineLift.swift; sourceTree = "<group>"; };
		B35691531D6CF56300F3D796 /* RoutineLift+CoreDataProperties.swift */ = {isa = PBXFileReference; fileEncoding = 4; lastKnownFileType = sourcecode.swift; name = "RoutineLift+CoreDataProperties.swift"; path = "WorkoutLog/RoutineLift+CoreDataProperties.swift"; sourceTree = "<group>"; };
		B35691541D6CF56300F3D796 /* Workout.swift */ = {isa = PBXFileReference; fileEncoding = 4; lastKnownFileType = sourcecode.swift; name = Workout.swift; path = WorkoutLog/Workout.swift; sourceTree = "<group>"; };
		B35691551D6CF56300F3D796 /* Workout+CoreDataProperties.swift */ = {isa = PBXFileReference; fileEncoding = 4; lastKnownFileType = sourcecode.swift; name = "Workout+CoreDataProperties.swift"; path = "WorkoutLog/Workout+CoreDataProperties.swift"; sourceTree = "<group>"; };
		B35691641D6CF70300F3D796 /* ManagedObject.swift */ = {isa = PBXFileReference; fileEncoding = 4; lastKnownFileType = sourcecode.swift; path = ManagedObject.swift; sourceTree = "<group>"; };
		B35691671D6CF95700F3D796 /* CoreData.swift */ = {isa = PBXFileReference; fileEncoding = 4; lastKnownFileType = sourcecode.swift; path = CoreData.swift; sourceTree = "<group>"; };
		B35691691D6D07F200F3D796 /* OuterTableView.swift */ = {isa = PBXFileReference; fileEncoding = 4; lastKnownFileType = sourcecode.swift; path = OuterTableView.swift; sourceTree = "<group>"; };
		B366C6DB1D5497C200484784 /* WorkoutLog.app */ = {isa = PBXFileReference; explicitFileType = wrapper.application; includeInIndex = 0; path = WorkoutLog.app; sourceTree = BUILT_PRODUCTS_DIR; };
		B366C6DE1D5497C200484784 /* AppDelegate.swift */ = {isa = PBXFileReference; lastKnownFileType = sourcecode.swift; name = AppDelegate.swift; path = WorkoutLog/AppDelegate.swift; sourceTree = "<group>"; };
		B366C6E81D5497C200484784 /* Assets.xcassets */ = {isa = PBXFileReference; lastKnownFileType = folder.assetcatalog; path = Assets.xcassets; sourceTree = "<group>"; };
		B366C6EB1D5497C200484784 /* Base */ = {isa = PBXFileReference; lastKnownFileType = file.storyboard; name = Base; path = Base.lproj/LaunchScreen.storyboard; sourceTree = "<group>"; };
		B366C6ED1D5497C200484784 /* Info.plist */ = {isa = PBXFileReference; lastKnownFileType = text.plist.xml; path = Info.plist; sourceTree = "<group>"; };
		B366C6F21D5497C200484784 /* WorkoutLogTests.xctest */ = {isa = PBXFileReference; explicitFileType = wrapper.cfbundle; includeInIndex = 0; path = WorkoutLogTests.xctest; sourceTree = BUILT_PRODUCTS_DIR; };
		B366C6F61D5497C200484784 /* WorkoutLogTests.swift */ = {isa = PBXFileReference; lastKnownFileType = sourcecode.swift; path = WorkoutLogTests.swift; sourceTree = "<group>"; };
		B366C6F81D5497C200484784 /* Info.plist */ = {isa = PBXFileReference; lastKnownFileType = text.plist.xml; path = Info.plist; sourceTree = "<group>"; };
		B366C6FD1D5497C200484784 /* WorkoutLogUITests.xctest */ = {isa = PBXFileReference; explicitFileType = wrapper.cfbundle; includeInIndex = 0; path = WorkoutLogUITests.xctest; sourceTree = BUILT_PRODUCTS_DIR; };
		B366C7011D5497C200484784 /* WorkoutLogUITests.swift */ = {isa = PBXFileReference; lastKnownFileType = sourcecode.swift; path = WorkoutLogUITests.swift; sourceTree = "<group>"; };
		B366C7031D5497C200484784 /* Info.plist */ = {isa = PBXFileReference; lastKnownFileType = text.plist.xml; path = Info.plist; sourceTree = "<group>"; };
		B366C7121D54987B00484784 /* ConfigurableCell.swift */ = {isa = PBXFileReference; fileEncoding = 4; lastKnownFileType = sourcecode.swift; path = ConfigurableCell.swift; sourceTree = "<group>"; };
		B366C7171D54989800484784 /* WorkoutsTVC.swift */ = {isa = PBXFileReference; fileEncoding = 4; lastKnownFileType = sourcecode.swift; path = WorkoutsTVC.swift; sourceTree = "<group>"; };
		B366C7181D54989800484784 /* WorkoutTVC.swift */ = {isa = PBXFileReference; fileEncoding = 4; lastKnownFileType = sourcecode.swift; path = WorkoutTVC.swift; sourceTree = "<group>"; };
		B366C71F1D5498BB00484784 /* WorkoutCell.swift */ = {isa = PBXFileReference; fileEncoding = 4; lastKnownFileType = sourcecode.swift; path = WorkoutCell.swift; sourceTree = "<group>"; };
		B366C7231D5498C500484784 /* SetCell.swift */ = {isa = PBXFileReference; fileEncoding = 4; lastKnownFileType = sourcecode.swift; path = SetCell.swift; sourceTree = "<group>"; };
		B366C7271D5498CF00484784 /* RoutinesTVC.swift */ = {isa = PBXFileReference; fileEncoding = 4; lastKnownFileType = sourcecode.swift; path = RoutinesTVC.swift; sourceTree = "<group>"; };
		B366C72A1D5498DD00484784 /* processUpdates.swift */ = {isa = PBXFileReference; fileEncoding = 4; lastKnownFileType = sourcecode.swift; path = processUpdates.swift; sourceTree = "<group>"; };
		B366C7321D54994600484784 /* ManagedObjectObserver.swift */ = {isa = PBXFileReference; fileEncoding = 4; lastKnownFileType = sourcecode.swift; path = ManagedObjectObserver.swift; sourceTree = "<group>"; };
		B366C7331D54994600484784 /* ManagedObjectType.swift */ = {isa = PBXFileReference; fileEncoding = 4; lastKnownFileType = sourcecode.swift; name = ManagedObjectType.swift; path = WorkoutLog/ManagedObjectType.swift; sourceTree = "<group>"; };
		B366C7341D54994600484784 /* NSManagedObjectContext+Observers.swift */ = {isa = PBXFileReference; fileEncoding = 4; lastKnownFileType = sourcecode.swift; path = "NSManagedObjectContext+Observers.swift"; sourceTree = "<group>"; };
		B366C7391D54995E00484784 /* Utilities.swift */ = {isa = PBXFileReference; fileEncoding = 4; lastKnownFileType = sourcecode.swift; name = Utilities.swift; path = WorkoutLog/Utilities.swift; sourceTree = "<group>"; };
		B366C73B1D54996800484784 /* DataProvider.swift */ = {isa = PBXFileReference; fileEncoding = 4; lastKnownFileType = sourcecode.swift; path = DataProvider.swift; sourceTree = "<group>"; };
		B366C73C1D54996800484784 /* DataProviderDelegate.swift */ = {isa = PBXFileReference; fileEncoding = 4; lastKnownFileType = sourcecode.swift; path = DataProviderDelegate.swift; sourceTree = "<group>"; };
		B366C73D1D54996800484784 /* DataProviderUpdate.swift */ = {isa = PBXFileReference; fileEncoding = 4; lastKnownFileType = sourcecode.swift; path = DataProviderUpdate.swift; sourceTree = "<group>"; };
		B366C73E1D54996800484784 /* FetchedResultsDataProvider.swift */ = {isa = PBXFileReference; fileEncoding = 4; lastKnownFileType = sourcecode.swift; path = FetchedResultsDataProvider.swift; sourceTree = "<group>"; };
		B3791F831D614FDD003DD70F /* Keyboard.swift */ = {isa = PBXFileReference; fileEncoding = 4; lastKnownFileType = sourcecode.swift; path = Keyboard.swift; sourceTree = "<group>"; };
		B387F6ED1D690BC1004EC05F /* WRSetCell.swift */ = {isa = PBXFileReference; fileEncoding = 4; lastKnownFileType = sourcecode.swift; path = WRSetCell.swift; sourceTree = "<group>"; };
		B387F6EF1D691283004EC05F /* Theme.swift */ = {isa = PBXFileReference; fileEncoding = 4; lastKnownFileType = sourcecode.swift; path = Theme.swift; sourceTree = "<group>"; };
		B3AEE55F1D6707C10076F100 /* WorkoutsAndRoutinesTVC.swift */ = {isa = PBXFileReference; fileEncoding = 4; lastKnownFileType = sourcecode.swift; path = WorkoutsAndRoutinesTVC.swift; sourceTree = "<group>"; };
		B3AEE5611D670CAC0076F100 /* WorkoutAndRoutineTVC.swift */ = {isa = PBXFileReference; fileEncoding = 4; lastKnownFileType = sourcecode.swift; path = WorkoutAndRoutineTVC.swift; sourceTree = "<group>"; };
		B3AEE5631D6710E10076F100 /* WorkoutAndRoutineCell.swift */ = {isa = PBXFileReference; fileEncoding = 4; lastKnownFileType = sourcecode.swift; path = WorkoutAndRoutineCell.swift; sourceTree = "<group>"; };
		B3BA3A0A1D606882001C23FB /* SelectWorkoutTVC.swift */ = {isa = PBXFileReference; fileEncoding = 4; lastKnownFileType = sourcecode.swift; path = SelectWorkoutTVC.swift; sourceTree = "<group>"; };
		B3BA3A0C1D606DC1001C23FB /* StatisticsTVC.swift */ = {isa = PBXFileReference; fileEncoding = 4; lastKnownFileType = sourcecode.swift; path = StatisticsTVC.swift; sourceTree = "<group>"; };
		B3E07C221D554CE4006D68AE /* WorkoutLog.xcdatamodel */ = {isa = PBXFileReference; lastKnownFileType = wrapper.xcdatamodel; path = WorkoutLog.xcdatamodel; sourceTree = "<group>"; };
/* End PBXFileReference section */

/* Begin PBXFrameworksBuildPhase section */
		B366C6D81D5497C200484784 /* Frameworks */ = {
			isa = PBXFrameworksBuildPhase;
			buildActionMask = 2147483647;
			files = (
			);
			runOnlyForDeploymentPostprocessing = 0;
		};
		B366C6EF1D5497C200484784 /* Frameworks */ = {
			isa = PBXFrameworksBuildPhase;
			buildActionMask = 2147483647;
			files = (
			);
			runOnlyForDeploymentPostprocessing = 0;
		};
		B366C6FA1D5497C200484784 /* Frameworks */ = {
			isa = PBXFrameworksBuildPhase;
			buildActionMask = 2147483647;
			files = (
			);
			runOnlyForDeploymentPostprocessing = 0;
		};
/* End PBXFrameworksBuildPhase section */

/* Begin PBXGroup section */
		B30365DD1D61B6860030705E /* Workout */ = {
			isa = PBXGroup;
			children = (
				B366C71F1D5498BB00484784 /* WorkoutCell.swift */,
				B30365D81D6194450030705E /* LiftCell.swift */,
				B366C7231D5498C500484784 /* SetCell.swift */,
			);
			name = Workout;
			sourceTree = "<group>";
		};
		B30365DE1D61B6920030705E /* Routine */ = {
			isa = PBXGroup;
			children = (
				B30365D21D617A3F0030705E /* RoutineCell.swift */,
				B30365DF1D61B6A50030705E /* RoutineLiftCell.swift */,
				B30365E11D61B6AC0030705E /* RoutineSetCell.swift */,
			);
			name = Routine;
			sourceTree = "<group>";
		};
		B31D11321D64616300010E9C /* Generics */ = {
			isa = PBXGroup;
			children = (
				B321420C1D644D000093A21E /* NewVC.swift */,
				B31D11391D6533A100010E9C /* TableViewController.swift */,
				B3AEE55F1D6707C10076F100 /* WorkoutsAndRoutinesTVC.swift */,
				B3AEE5611D670CAC0076F100 /* WorkoutAndRoutineTVC.swift */,
			);
			name = Generics;
			sourceTree = "<group>";
		};
		B31EAE091D6AE3F400ECBCD2 /* NewWorkout */ = {
			isa = PBXGroup;
			children = (
				B3BA3A0A1D606882001C23FB /* SelectWorkoutTVC.swift */,
				B366C7181D54989800484784 /* WorkoutTVC.swift */,
			);
			name = NewWorkout;
			sourceTree = "<group>";
		};
		B32295A41D63E0E8000B6F08 /* Statistics */ = {
			isa = PBXGroup;
			children = (
				B3BA3A0C1D606DC1001C23FB /* StatisticsTVC.swift */,
			);
			name = Statistics;
			sourceTree = "<group>";
		};
		B35691621D6CF56700F3D796 /* ManagedObject+Subclasses */ = {
			isa = PBXGroup;
			children = (
				B35691631D6CF6A500F3D796 /* Generated */,
				B366C7331D54994600484784 /* ManagedObjectType.swift */,
				B35691641D6CF70300F3D796 /* ManagedObject.swift */,
				B35691541D6CF56300F3D796 /* Workout.swift */,
				B356914A1D6CF56300F3D796 /* Lift.swift */,
				B356914C1D6CF56300F3D796 /* LSet.swift */,
				B356914E1D6CF56300F3D796 /* Routine.swift */,
				B35691521D6CF56300F3D796 /* RoutineLift.swift */,
				B35691501D6CF56300F3D796 /* RoutineSet.swift */,
			);
			name = "ManagedObject+Subclasses";
			sourceTree = "<group>";
		};
		B35691631D6CF6A500F3D796 /* Generated */ = {
			isa = PBXGroup;
			children = (
				B35691551D6CF56300F3D796 /* Workout+CoreDataProperties.swift */,
				B356914B1D6CF56300F3D796 /* Lift+CoreDataProperties.swift */,
				B356914D1D6CF56300F3D796 /* LSet+CoreDataProperties.swift */,
				B356914F1D6CF56300F3D796 /* Routine+CoreDataProperties.swift */,
				B35691531D6CF56300F3D796 /* RoutineLift+CoreDataProperties.swift */,
				B35691511D6CF56300F3D796 /* RoutineSet+CoreDataProperties.swift */,
			);
			name = Generated;
			sourceTree = "<group>";
		};
		B35691661D6CF94600F3D796 /* Coordinator */ = {
			isa = PBXGroup;
			children = (
				B30C906C1D6C485000CE9243 /* AppCoordinator.swift */,
				B35691671D6CF95700F3D796 /* CoreData.swift */,
			);
			name = Coordinator;
			sourceTree = "<group>";
		};
		B366C6D21D5497C200484784 = {
			isa = PBXGroup;
			children = (
				B366C7391D54995E00484784 /* Utilities.swift */,
				B31D11331D652F6D00010E9C /* Lets.swift */,
				B35691621D6CF56700F3D796 /* ManagedObject+Subclasses */,
				B366C7111D54986000484784 /* CoreData */,
				B35691661D6CF94600F3D796 /* Coordinator */,
				B366C6DE1D5497C200484784 /* AppDelegate.swift */,
				B366C71B1D54989C00484784 /* Controller */,
				B366C7141D54987E00484784 /* Cell */,
				B366C7101D54984E00484784 /* View */,
				B366C70F1D54983D00484784 /* Other */,
			);
			sourceTree = "<group>";
		};
		B366C6DC1D5497C200484784 /* Products */ = {
			isa = PBXGroup;
			children = (
				B366C6DB1D5497C200484784 /* WorkoutLog.app */,
				B366C6F21D5497C200484784 /* WorkoutLogTests.xctest */,
				B366C6FD1D5497C200484784 /* WorkoutLogUITests.xctest */,
			);
			name = Products;
			path = ..;
			sourceTree = "<group>";
		};
		B366C6F51D5497C200484784 /* WorkoutLogTests */ = {
			isa = PBXGroup;
			children = (
				B366C6F61D5497C200484784 /* WorkoutLogTests.swift */,
				B366C6F81D5497C200484784 /* Info.plist */,
			);
			path = WorkoutLogTests;
			sourceTree = SOURCE_ROOT;
		};
		B366C7001D5497C200484784 /* WorkoutLogUITests */ = {
			isa = PBXGroup;
			children = (
				B366C7011D5497C200484784 /* WorkoutLogUITests.swift */,
				B366C7031D5497C200484784 /* Info.plist */,
			);
			path = WorkoutLogUITests;
			sourceTree = SOURCE_ROOT;
		};
		B366C70F1D54983D00484784 /* Other */ = {
			isa = PBXGroup;
			children = (
				B366C6E81D5497C200484784 /* Assets.xcassets */,
				B366C6EA1D5497C200484784 /* LaunchScreen.storyboard */,
				B366C6ED1D5497C200484784 /* Info.plist */,
				B366C6F51D5497C200484784 /* WorkoutLogTests */,
				B366C7001D5497C200484784 /* WorkoutLogUITests */,
				B366C6DC1D5497C200484784 /* Products */,
			);
			name = Other;
			path = WorkoutLog;
			sourceTree = "<group>";
		};
		B366C7101D54984E00484784 /* View */ = {
			isa = PBXGroup;
			children = (
				B35691691D6D07F200F3D796 /* OuterTableView.swift */,
				B3791F831D614FDD003DD70F /* Keyboard.swift */,
				B387F6EF1D691283004EC05F /* Theme.swift */,
			);
			name = View;
			path = WorkoutLog;
			sourceTree = "<group>";
		};
		B366C7111D54986000484784 /* CoreData */ = {
			isa = PBXGroup;
			children = (
				B3E07C211D554CE4006D68AE /* WorkoutLog.xcdatamodeld */,
				B366C7381D54994B00484784 /* Objc.io */,
				B366C7431D54996C00484784 /* DataProvider */,
			);
			name = CoreData;
			path = WorkoutLog;
			sourceTree = "<group>";
		};
		B366C7141D54987E00484784 /* Cell */ = {
			isa = PBXGroup;
			children = (
				B366C7121D54987B00484784 /* ConfigurableCell.swift */,
				B339D7A91D65829F0026287C /* TableViewCellWithTableView.swift */,
				B3AEE5631D6710E10076F100 /* WorkoutAndRoutineCell.swift */,
				B387F6ED1D690BC1004EC05F /* WRSetCell.swift */,
				B30365DD1D61B6860030705E /* Workout */,
				B30365DE1D61B6920030705E /* Routine */,
			);
			name = Cell;
			path = WorkoutLog;
			sourceTree = "<group>";
		};
		B366C71B1D54989C00484784 /* Controller */ = {
			isa = PBXGroup;
			children = (
				B31D11321D64616300010E9C /* Generics */,
				B3E07C251D60250F006D68AE /* Workouts */,
				B3E07C241D602507006D68AE /* Routines */,
				B31EAE091D6AE3F400ECBCD2 /* NewWorkout */,
				B32295A41D63E0E8000B6F08 /* Statistics */,
			);
			name = Controller;
			path = WorkoutLog;
			sourceTree = "<group>";
		};
		B366C7381D54994B00484784 /* Objc.io */ = {
			isa = PBXGroup;
			children = (
				B366C7341D54994600484784 /* NSManagedObjectContext+Observers.swift */,
				B366C7321D54994600484784 /* ManagedObjectObserver.swift */,
			);
			name = Objc.io;
			sourceTree = "<group>";
		};
		B366C7431D54996C00484784 /* DataProvider */ = {
			isa = PBXGroup;
			children = (
				B366C73B1D54996800484784 /* DataProvider.swift */,
				B366C73C1D54996800484784 /* DataProviderDelegate.swift */,
				B366C73D1D54996800484784 /* DataProviderUpdate.swift */,
				B366C73E1D54996800484784 /* FetchedResultsDataProvider.swift */,
				B366C72A1D5498DD00484784 /* processUpdates.swift */,
			);
			name = DataProvider;
			sourceTree = "<group>";
		};
		B3E07C241D602507006D68AE /* Routines */ = {
			isa = PBXGroup;
			children = (
				B366C7271D5498CF00484784 /* RoutinesTVC.swift */,
				B30365D61D61863C0030705E /* RoutineTVC.swift */,
			);
			name = Routines;
			sourceTree = "<group>";
		};
		B3E07C251D60250F006D68AE /* Workouts */ = {
			isa = PBXGroup;
			children = (
				B366C7171D54989800484784 /* WorkoutsTVC.swift */,
			);
			name = Workouts;
			sourceTree = "<group>";
		};
/* End PBXGroup section */

/* Begin PBXNativeTarget section */
		B366C6DA1D5497C200484784 /* WorkoutLog */ = {
			isa = PBXNativeTarget;
			buildConfigurationList = B366C7061D5497C200484784 /* Build configuration list for PBXNativeTarget "WorkoutLog" */;
			buildPhases = (
				B366C6D71D5497C200484784 /* Sources */,
				B366C6D81D5497C200484784 /* Frameworks */,
				B366C6D91D5497C200484784 /* Resources */,
			);
			buildRules = (
			);
			dependencies = (
			);
			name = WorkoutLog;
			productName = WorkoutLog;
			productReference = B366C6DB1D5497C200484784 /* WorkoutLog.app */;
			productType = "com.apple.product-type.application";
		};
		B366C6F11D5497C200484784 /* WorkoutLogTests */ = {
			isa = PBXNativeTarget;
			buildConfigurationList = B366C7091D5497C200484784 /* Build configuration list for PBXNativeTarget "WorkoutLogTests" */;
			buildPhases = (
				B366C6EE1D5497C200484784 /* Sources */,
				B366C6EF1D5497C200484784 /* Frameworks */,
				B366C6F01D5497C200484784 /* Resources */,
			);
			buildRules = (
			);
			dependencies = (
				B366C6F41D5497C200484784 /* PBXTargetDependency */,
			);
			name = WorkoutLogTests;
			productName = WorkoutLogTests;
			productReference = B366C6F21D5497C200484784 /* WorkoutLogTests.xctest */;
			productType = "com.apple.product-type.bundle.unit-test";
		};
		B366C6FC1D5497C200484784 /* WorkoutLogUITests */ = {
			isa = PBXNativeTarget;
			buildConfigurationList = B366C70C1D5497C200484784 /* Build configuration list for PBXNativeTarget "WorkoutLogUITests" */;
			buildPhases = (
				B366C6F91D5497C200484784 /* Sources */,
				B366C6FA1D5497C200484784 /* Frameworks */,
				B366C6FB1D5497C200484784 /* Resources */,
			);
			buildRules = (
			);
			dependencies = (
				B366C6FF1D5497C200484784 /* PBXTargetDependency */,
			);
			name = WorkoutLogUITests;
			productName = WorkoutLogUITests;
			productReference = B366C6FD1D5497C200484784 /* WorkoutLogUITests.xctest */;
			productType = "com.apple.product-type.bundle.ui-testing";
		};
/* End PBXNativeTarget section */

/* Begin PBXProject section */
		B366C6D31D5497C200484784 /* Project object */ = {
			isa = PBXProject;
			attributes = {
				LastSwiftUpdateCheck = 0800;
				LastUpgradeCheck = 0800;
				ORGANIZATIONNAME = "Nathan Lanza";
				TargetAttributes = {
					B366C6DA1D5497C200484784 = {
						CreatedOnToolsVersion = 8.0;
						DevelopmentTeam = 72MNHNDUNH;
						ProvisioningStyle = Automatic;
					};
					B366C6F11D5497C200484784 = {
						CreatedOnToolsVersion = 8.0;
						DevelopmentTeam = 72MNHNDUNH;
						ProvisioningStyle = Automatic;
						TestTargetID = B366C6DA1D5497C200484784;
					};
					B366C6FC1D5497C200484784 = {
						CreatedOnToolsVersion = 8.0;
						DevelopmentTeam = 72MNHNDUNH;
						ProvisioningStyle = Automatic;
						TestTargetID = B366C6DA1D5497C200484784;
					};
				};
			};
			buildConfigurationList = B366C6D61D5497C200484784 /* Build configuration list for PBXProject "WorkoutLog" */;
			compatibilityVersion = "Xcode 8.0";
			developmentRegion = English;
			hasScannedForEncodings = 0;
			knownRegions = (
				en,
				Base,
			);
			mainGroup = B366C6D21D5497C200484784;
			productRefGroup = B366C6DC1D5497C200484784 /* Products */;
			projectDirPath = "";
			projectRoot = "";
			targets = (
				B366C6DA1D5497C200484784 /* WorkoutLog */,
				B366C6F11D5497C200484784 /* WorkoutLogTests */,
				B366C6FC1D5497C200484784 /* WorkoutLogUITests */,
			);
		};
/* End PBXProject section */

/* Begin PBXResourcesBuildPhase section */
		B366C6D91D5497C200484784 /* Resources */ = {
			isa = PBXResourcesBuildPhase;
			buildActionMask = 2147483647;
			files = (
				B366C6EC1D5497C200484784 /* LaunchScreen.storyboard in Resources */,
				B366C6E91D5497C200484784 /* Assets.xcassets in Resources */,
			);
			runOnlyForDeploymentPostprocessing = 0;
		};
		B366C6F01D5497C200484784 /* Resources */ = {
			isa = PBXResourcesBuildPhase;
			buildActionMask = 2147483647;
			files = (
			);
			runOnlyForDeploymentPostprocessing = 0;
		};
		B366C6FB1D5497C200484784 /* Resources */ = {
			isa = PBXResourcesBuildPhase;
			buildActionMask = 2147483647;
			files = (
			);
			runOnlyForDeploymentPostprocessing = 0;
		};
/* End PBXResourcesBuildPhase section */

/* Begin PBXSourcesBuildPhase section */
		B366C6D71D5497C200484784 /* Sources */ = {
			isa = PBXSourcesBuildPhase;
			buildActionMask = 2147483647;
			files = (
				B31D113A1D6533A100010E9C /* TableViewController.swift in Sources */,
				B366C7261D5498C500484784 /* SetCell.swift in Sources */,
				B366C73F1D54996800484784 /* DataProvider.swift in Sources */,
				B356915D1D6CF56300F3D796 /* RoutineSet+CoreDataProperties.swift in Sources */,
				B339D7AA1D65829F0026287C /* TableViewCellWithTableView.swift in Sources */,
				B356915B1D6CF56300F3D796 /* Routine+CoreDataProperties.swift in Sources */,
				B30365D31D617A3F0030705E /* RoutineCell.swift in Sources */,
				B35691561D6CF56300F3D796 /* Lift.swift in Sources */,
				B356915F1D6CF56300F3D796 /* RoutineLift+CoreDataProperties.swift in Sources */,
				B366C7351D54994600484784 /* ManagedObjectObserver.swift in Sources */,
				B3AEE5601D6707C10076F100 /* WorkoutsAndRoutinesTVC.swift in Sources */,
				B356916A1D6D07F200F3D796 /* OuterTableView.swift in Sources */,
				B366C7131D54987B00484784 /* ConfigurableCell.swift in Sources */,
				B30365E21D61B6AC0030705E /* RoutineSetCell.swift in Sources */,
				B356915E1D6CF56300F3D796 /* RoutineLift.swift in Sources */,
				B35691591D6CF56300F3D796 /* LSet+CoreDataProperties.swift in Sources */,
				B366C7401D54996800484784 /* DataProviderDelegate.swift in Sources */,
				B3E07C231D554CE4006D68AE /* WorkoutLog.xcdatamodeld in Sources */,
				B366C7361D54994600484784 /* ManagedObjectType.swift in Sources */,
				B3AEE5621D670CAC0076F100 /* WorkoutAndRoutineTVC.swift in Sources */,
				B366C7201D5498BB00484784 /* WorkoutCell.swift in Sources */,
				B3BA3A0B1D606882001C23FB /* SelectWorkoutTVC.swift in Sources */,
				B30C906D1D6C485000CE9243 /* AppCoordinator.swift in Sources */,
				B3791F841D614FDD003DD70F /* Keyboard.swift in Sources */,
				B35691611D6CF56300F3D796 /* Workout+CoreDataProperties.swift in Sources */,
				B366C7191D54989800484784 /* WorkoutsTVC.swift in Sources */,
				B366C7411D54996800484784 /* DataProviderUpdate.swift in Sources */,
				B356915A1D6CF56300F3D796 /* Routine.swift in Sources */,
				B30365D71D61863C0030705E /* RoutineTVC.swift in Sources */,
				B366C6DF1D5497C200484784 /* AppDelegate.swift in Sources */,
				B35691651D6CF70300F3D796 /* ManagedObject.swift in Sources */,
				B366C73A1D54995E00484784 /* Utilities.swift in Sources */,
				B35691601D6CF56300F3D796 /* Workout.swift in Sources */,
				B35691581D6CF56300F3D796 /* LSet.swift in Sources */,
				B366C7371D54994600484784 /* NSManagedObjectContext+Observers.swift in Sources */,
				B366C7421D54996800484784 /* FetchedResultsDataProvider.swift in Sources */,
				B35691681D6CF95700F3D796 /* CoreData.swift in Sources */,
				B356915C1D6CF56300F3D796 /* RoutineSet.swift in Sources */,
				B35691571D6CF56300F3D796 /* Lift+CoreDataProperties.swift in Sources */,
				B30365E01D61B6A50030705E /* RoutineLiftCell.swift in Sources */,
				B31D11341D652F6D00010E9C /* Lets.swift in Sources */,
				B387F6F01D691283004EC05F /* Theme.swift in Sources */,
				B321420D1D644D000093A21E /* NewVC.swift in Sources */,
				B387F6EE1D690BC1004EC05F /* WRSetCell.swift in Sources */,
				B30365D91D6194450030705E /* LiftCell.swift in Sources */,
				B366C7281D5498CF00484784 /* RoutinesTVC.swift in Sources */,
				B3AEE5641D6710E10076F100 /* WorkoutAndRoutineCell.swift in Sources */,
				B3BA3A0D1D606DC1001C23FB /* StatisticsTVC.swift in Sources */,
				B366C72C1D5498DD00484784 /* processUpdates.swift in Sources */,
				B366C71A1D54989800484784 /* WorkoutTVC.swift in Sources */,
			);
			runOnlyForDeploymentPostprocessing = 0;
		};
		B366C6EE1D5497C200484784 /* Sources */ = {
			isa = PBXSourcesBuildPhase;
			buildActionMask = 2147483647;
			files = (
				B366C6F71D5497C200484784 /* WorkoutLogTests.swift in Sources */,
			);
			runOnlyForDeploymentPostprocessing = 0;
		};
		B366C6F91D5497C200484784 /* Sources */ = {
			isa = PBXSourcesBuildPhase;
			buildActionMask = 2147483647;
			files = (
				B366C7021D5497C200484784 /* WorkoutLogUITests.swift in Sources */,
			);
			runOnlyForDeploymentPostprocessing = 0;
		};
/* End PBXSourcesBuildPhase section */

/* Begin PBXTargetDependency section */
		B366C6F41D5497C200484784 /* PBXTargetDependency */ = {
			isa = PBXTargetDependency;
			target = B366C6DA1D5497C200484784 /* WorkoutLog */;
			targetProxy = B366C6F31D5497C200484784 /* PBXContainerItemProxy */;
		};
		B366C6FF1D5497C200484784 /* PBXTargetDependency */ = {
			isa = PBXTargetDependency;
			target = B366C6DA1D5497C200484784 /* WorkoutLog */;
			targetProxy = B366C6FE1D5497C200484784 /* PBXContainerItemProxy */;
		};
/* End PBXTargetDependency section */

/* Begin PBXVariantGroup section */
		B366C6EA1D5497C200484784 /* LaunchScreen.storyboard */ = {
			isa = PBXVariantGroup;
			children = (
				B366C6EB1D5497C200484784 /* Base */,
			);
			name = LaunchScreen.storyboard;
			sourceTree = "<group>";
		};
/* End PBXVariantGroup section */

/* Begin XCBuildConfiguration section */
		B366C7041D5497C200484784 /* Debug */ = {
			isa = XCBuildConfiguration;
			buildSettings = {
				ALWAYS_SEARCH_USER_PATHS = NO;
				CLANG_ANALYZER_NONNULL = YES;
				CLANG_CXX_LANGUAGE_STANDARD = "gnu++0x";
				CLANG_CXX_LIBRARY = "libc++";
				CLANG_ENABLE_MODULES = YES;
				CLANG_ENABLE_OBJC_ARC = YES;
				CLANG_WARN_BOOL_CONVERSION = YES;
				CLANG_WARN_CONSTANT_CONVERSION = YES;
				CLANG_WARN_DIRECT_OBJC_ISA_USAGE = YES_ERROR;
				CLANG_WARN_DOCUMENTATION_COMMENTS = YES;
				CLANG_WARN_EMPTY_BODY = YES;
				CLANG_WARN_ENUM_CONVERSION = YES;
				CLANG_WARN_INFINITE_RECURSION = YES;
				CLANG_WARN_INT_CONVERSION = YES;
				CLANG_WARN_OBJC_ROOT_CLASS = YES_ERROR;
				CLANG_WARN_SUSPICIOUS_MOVES = YES;
				CLANG_WARN_UNREACHABLE_CODE = YES;
				CLANG_WARN__DUPLICATE_METHOD_MATCH = YES;
				"CODE_SIGN_IDENTITY[sdk=iphoneos*]" = "iPhone Developer";
				COPY_PHASE_STRIP = NO;
				DEBUG_INFORMATION_FORMAT = dwarf;
				ENABLE_STRICT_OBJC_MSGSEND = YES;
				ENABLE_TESTABILITY = YES;
				GCC_C_LANGUAGE_STANDARD = gnu99;
				GCC_DYNAMIC_NO_PIC = NO;
				GCC_NO_COMMON_BLOCKS = YES;
				GCC_OPTIMIZATION_LEVEL = 0;
				GCC_PREPROCESSOR_DEFINITIONS = (
					"DEBUG=1",
					"$(inherited)",
				);
				GCC_WARN_64_TO_32_BIT_CONVERSION = YES;
				GCC_WARN_ABOUT_RETURN_TYPE = YES_ERROR;
				GCC_WARN_UNDECLARED_SELECTOR = YES;
				GCC_WARN_UNINITIALIZED_AUTOS = YES_AGGRESSIVE;
				GCC_WARN_UNUSED_FUNCTION = YES;
				GCC_WARN_UNUSED_VARIABLE = YES;
				IPHONEOS_DEPLOYMENT_TARGET = 10.0;
				MTL_ENABLE_DEBUG_INFO = YES;
				ONLY_ACTIVE_ARCH = YES;
				SDKROOT = iphoneos;
				SWIFT_ACTIVE_COMPILATION_CONDITIONS = DEBUG;
				SWIFT_OPTIMIZATION_LEVEL = "-Onone";
				TARGETED_DEVICE_FAMILY = "1,2";
			};
			name = Debug;
		};
		B366C7051D5497C200484784 /* Release */ = {
			isa = XCBuildConfiguration;
			buildSettings = {
				ALWAYS_SEARCH_USER_PATHS = NO;
				CLANG_ANALYZER_NONNULL = YES;
				CLANG_CXX_LANGUAGE_STANDARD = "gnu++0x";
				CLANG_CXX_LIBRARY = "libc++";
				CLANG_ENABLE_MODULES = YES;
				CLANG_ENABLE_OBJC_ARC = YES;
				CLANG_WARN_BOOL_CONVERSION = YES;
				CLANG_WARN_CONSTANT_CONVERSION = YES;
				CLANG_WARN_DIRECT_OBJC_ISA_USAGE = YES_ERROR;
				CLANG_WARN_DOCUMENTATION_COMMENTS = YES;
				CLANG_WARN_EMPTY_BODY = YES;
				CLANG_WARN_ENUM_CONVERSION = YES;
				CLANG_WARN_INFINITE_RECURSION = YES;
				CLANG_WARN_INT_CONVERSION = YES;
				CLANG_WARN_OBJC_ROOT_CLASS = YES_ERROR;
				CLANG_WARN_SUSPICIOUS_MOVES = YES;
				CLANG_WARN_UNREACHABLE_CODE = YES;
				CLANG_WARN__DUPLICATE_METHOD_MATCH = YES;
				"CODE_SIGN_IDENTITY[sdk=iphoneos*]" = "iPhone Developer";
				COPY_PHASE_STRIP = NO;
				DEBUG_INFORMATION_FORMAT = "dwarf-with-dsym";
				ENABLE_NS_ASSERTIONS = NO;
				ENABLE_STRICT_OBJC_MSGSEND = YES;
				GCC_C_LANGUAGE_STANDARD = gnu99;
				GCC_NO_COMMON_BLOCKS = YES;
				GCC_WARN_64_TO_32_BIT_CONVERSION = YES;
				GCC_WARN_ABOUT_RETURN_TYPE = YES_ERROR;
				GCC_WARN_UNDECLARED_SELECTOR = YES;
				GCC_WARN_UNINITIALIZED_AUTOS = YES_AGGRESSIVE;
				GCC_WARN_UNUSED_FUNCTION = YES;
				GCC_WARN_UNUSED_VARIABLE = YES;
				IPHONEOS_DEPLOYMENT_TARGET = 10.0;
				MTL_ENABLE_DEBUG_INFO = NO;
				SDKROOT = iphoneos;
				SWIFT_OPTIMIZATION_LEVEL = "-Owholemodule";
				TARGETED_DEVICE_FAMILY = "1,2";
				VALIDATE_PRODUCT = YES;
			};
			name = Release;
		};
		B366C7071D5497C200484784 /* Debug */ = {
			isa = XCBuildConfiguration;
			buildSettings = {
				ASSETCATALOG_COMPILER_APPICON_NAME = AppIcon;
				DEVELOPMENT_TEAM = 72MNHNDUNH;
				INFOPLIST_FILE = WorkoutLog/Info.plist;
				LD_RUNPATH_SEARCH_PATHS = "$(inherited) @executable_path/Frameworks";
				PRODUCT_BUNDLE_IDENTIFIER = io.lanza.WorkoutLog;
				PRODUCT_NAME = "$(TARGET_NAME)";
				SWIFT_VERSION = 3.0;
			};
			name = Debug;
		};
		B366C7081D5497C200484784 /* Release */ = {
			isa = XCBuildConfiguration;
			buildSettings = {
				ASSETCATALOG_COMPILER_APPICON_NAME = AppIcon;
				DEVELOPMENT_TEAM = 72MNHNDUNH;
				INFOPLIST_FILE = WorkoutLog/Info.plist;
				LD_RUNPATH_SEARCH_PATHS = "$(inherited) @executable_path/Frameworks";
				PRODUCT_BUNDLE_IDENTIFIER = io.lanza.WorkoutLog;
				PRODUCT_NAME = "$(TARGET_NAME)";
				SWIFT_VERSION = 3.0;
			};
			name = Release;
		};
		B366C70A1D5497C200484784 /* Debug */ = {
			isa = XCBuildConfiguration;
			buildSettings = {
				BUNDLE_LOADER = "$(TEST_HOST)";
				DEVELOPMENT_TEAM = 72MNHNDUNH;
				INFOPLIST_FILE = WorkoutLogTests/Info.plist;
				LD_RUNPATH_SEARCH_PATHS = "$(inherited) @executable_path/Frameworks @loader_path/Frameworks";
				PRODUCT_BUNDLE_IDENTIFIER = io.lanza.WorkoutLogTests;
				PRODUCT_NAME = "$(TARGET_NAME)";
				SWIFT_VERSION = 3.0;
				TEST_HOST = "$(BUILT_PRODUCTS_DIR)/WorkoutLog.app/WorkoutLog";
			};
			name = Debug;
		};
		B366C70B1D5497C200484784 /* Release */ = {
			isa = XCBuildConfiguration;
			buildSettings = {
				BUNDLE_LOADER = "$(TEST_HOST)";
				DEVELOPMENT_TEAM = 72MNHNDUNH;
				INFOPLIST_FILE = WorkoutLogTests/Info.plist;
				LD_RUNPATH_SEARCH_PATHS = "$(inherited) @executable_path/Frameworks @loader_path/Frameworks";
				PRODUCT_BUNDLE_IDENTIFIER = io.lanza.WorkoutLogTests;
				PRODUCT_NAME = "$(TARGET_NAME)";
				SWIFT_VERSION = 3.0;
				TEST_HOST = "$(BUILT_PRODUCTS_DIR)/WorkoutLog.app/WorkoutLog";
			};
			name = Release;
		};
		B366C70D1D5497C200484784 /* Debug */ = {
			isa = XCBuildConfiguration;
			buildSettings = {
				DEVELOPMENT_TEAM = 72MNHNDUNH;
				INFOPLIST_FILE = WorkoutLogUITests/Info.plist;
				LD_RUNPATH_SEARCH_PATHS = "$(inherited) @executable_path/Frameworks @loader_path/Frameworks";
				PRODUCT_BUNDLE_IDENTIFIER = io.lanza.WorkoutLogUITests;
				PRODUCT_NAME = "$(TARGET_NAME)";
				SWIFT_VERSION = 3.0;
				TEST_TARGET_NAME = WorkoutLog;
			};
			name = Debug;
		};
		B366C70E1D5497C200484784 /* Release */ = {
			isa = XCBuildConfiguration;
			buildSettings = {
				DEVELOPMENT_TEAM = 72MNHNDUNH;
				INFOPLIST_FILE = WorkoutLogUITests/Info.plist;
				LD_RUNPATH_SEARCH_PATHS = "$(inherited) @executable_path/Frameworks @loader_path/Frameworks";
				PRODUCT_BUNDLE_IDENTIFIER = io.lanza.WorkoutLogUITests;
				PRODUCT_NAME = "$(TARGET_NAME)";
				SWIFT_VERSION = 3.0;
				TEST_TARGET_NAME = WorkoutLog;
			};
			name = Release;
		};
/* End XCBuildConfiguration section */

/* Begin XCConfigurationList section */
		B366C6D61D5497C200484784 /* Build configuration list for PBXProject "WorkoutLog" */ = {
			isa = XCConfigurationList;
			buildConfigurations = (
				B366C7041D5497C200484784 /* Debug */,
				B366C7051D5497C200484784 /* Release */,
			);
			defaultConfigurationIsVisible = 0;
			defaultConfigurationName = Release;
		};
		B366C7061D5497C200484784 /* Build configuration list for PBXNativeTarget "WorkoutLog" */ = {
			isa = XCConfigurationList;
			buildConfigurations = (
				B366C7071D5497C200484784 /* Debug */,
				B366C7081D5497C200484784 /* Release */,
			);
			defaultConfigurationIsVisible = 0;
			defaultConfigurationName = Release;
		};
		B366C7091D5497C200484784 /* Build configuration list for PBXNativeTarget "WorkoutLogTests" */ = {
			isa = XCConfigurationList;
			buildConfigurations = (
				B366C70A1D5497C200484784 /* Debug */,
				B366C70B1D5497C200484784 /* Release */,
			);
			defaultConfigurationIsVisible = 0;
			defaultConfigurationName = Release;
		};
		B366C70C1D5497C200484784 /* Build configuration list for PBXNativeTarget "WorkoutLogUITests" */ = {
			isa = XCConfigurationList;
			buildConfigurations = (
				B366C70D1D5497C200484784 /* Debug */,
				B366C70E1D5497C200484784 /* Release */,
			);
			defaultConfigurationIsVisible = 0;
			defaultConfigurationName = Release;
		};
/* End XCConfigurationList section */

/* Begin XCVersionGroup section */
		B3E07C211D554CE4006D68AE /* WorkoutLog.xcdatamodeld */ = {
			isa = XCVersionGroup;
			children = (
				B3E07C221D554CE4006D68AE /* WorkoutLog.xcdatamodel */,
			);
			currentVersion = B3E07C221D554CE4006D68AE /* WorkoutLog.xcdatamodel */;
			path = WorkoutLog.xcdatamodeld;
			sourceTree = "<group>";
			versionGroupType = wrapper.xcdatamodel;
		};
/* End XCVersionGroup section */
	};
	rootObject = B366C6D31D5497C200484784 /* Project object */;
}
